<?xml version="1.0" encoding="utf-8"?>
<Project ToolsVersion="4.0" xmlns="http://schemas.microsoft.com/developer/msbuild/2003">
  <ItemGroup>
    <Filter Include="useless">
      <UniqueIdentifier>{8326855b-120c-417d-b3e8-01ece5655599}</UniqueIdentifier>
    </Filter>
    <Filter Include="utility">
      <UniqueIdentifier>{b8ebcbe8-3be1-49af-94f6-f15a41ebdf10}</UniqueIdentifier>
    </Filter>
    <Filter Include="mvvm">
      <UniqueIdentifier>{bee98404-2826-442f-83e4-910316b5faca}</UniqueIdentifier>
    </Filter>
    <Filter Include="mvvm\binding">
      <UniqueIdentifier>{3d5c3c81-497a-4b6b-852e-00ee1ed90b2b}</UniqueIdentifier>
    </Filter>
    <Filter Include="mvvm\model">
      <UniqueIdentifier>{03963d35-6e1c-4f35-bf5c-5f3906486f5c}</UniqueIdentifier>
    </Filter>
    <Filter Include="test14">
      <UniqueIdentifier>{c8b00024-340e-4c14-b0f9-94e642725dba}</UniqueIdentifier>
    </Filter>
    <Filter Include="test14\UI">
      <UniqueIdentifier>{6d051832-0a02-4564-9e04-713bd08ee32f}</UniqueIdentifier>
    </Filter>
    <Filter Include="test14\UI\Classes">
      <UniqueIdentifier>{6c6ec347-d0f6-40e9-ae9f-6f1eae870989}</UniqueIdentifier>
    </Filter>
    <Filter Include="test14\Model">
      <UniqueIdentifier>{6f8f8b2c-0782-421c-915a-9759ecccbd93}</UniqueIdentifier>
    </Filter>
    <Filter Include="test14\View">
      <UniqueIdentifier>{daccd465-4f8e-49d9-96eb-75cc0ac21642}</UniqueIdentifier>
    </Filter>
    <Filter Include="Framework">
      <UniqueIdentifier>{9097c058-27f5-4d61-a001-c44653070fc8}</UniqueIdentifier>
    </Filter>
    <Filter Include="Framework\Windows">
      <UniqueIdentifier>{b14b3568-2b66-47c1-8da3-408147bd14ed}</UniqueIdentifier>
    </Filter>
    <Filter Include="Application">
      <UniqueIdentifier>{e1901ebe-2e94-46a0-bbeb-fd2b136d5c18}</UniqueIdentifier>
    </Filter>
    <Filter Include="DemoApplication">
      <UniqueIdentifier>{a5d88d9d-82cd-459f-b6a0-0ebea8c524ec}</UniqueIdentifier>
    </Filter>
    <Filter Include="DemoApplication\Classes">
      <UniqueIdentifier>{b0e6e649-1264-4ab8-9769-6cbed13feac6}</UniqueIdentifier>
    </Filter>
    <Filter Include="DemoApplication\XML">
      <UniqueIdentifier>{81486692-9ad3-463f-96ca-a917c230bb7f}</UniqueIdentifier>
    </Filter>
  </ItemGroup>
  <ItemGroup>
    <ClInclude Include="targetver.h">
      <Filter>useless</Filter>
    </ClInclude>
    <ClInclude Include="stdafx.h">
      <Filter>useless</Filter>
    </ClInclude>
    <ClInclude Include="PrintHelper.h">
      <Filter>utility</Filter>
    </ClInclude>
    <ClInclude Include="DataBinding.h">
      <Filter>mvvm\binding</Filter>
    </ClInclude>
    <ClInclude Include="IDataBinding.h">
      <Filter>mvvm\binding</Filter>
    </ClInclude>
    <ClInclude Include="Model.h">
      <Filter>mvvm\model</Filter>
    </ClInclude>
    <ClInclude Include="Observable.h">
      <Filter>mvvm\model</Filter>
    </ClInclude>
    <ClInclude Include="UI\Classes\UI_MainWindow.h">
      <Filter>test14\UI\Classes</Filter>
    </ClInclude>
    <ClInclude Include="UI\Classes\UI_StudentView.h">
      <Filter>test14\UI\Classes</Filter>
    </ClInclude>
    <ClInclude Include="Student.h">
      <Filter>test14\Model</Filter>
    </ClInclude>
    <ClInclude Include="BaseView.h" />
    <ClInclude Include="StudentView.h">
      <Filter>test14\View</Filter>
    </ClInclude>
    <ClInclude Include="MainWindow.h">
      <Filter>test14\View</Filter>
    </ClInclude>
    <ClInclude Include="..\Framework\Windows\WinApp.h">
      <Filter>Framework\Windows</Filter>
    </ClInclude>
    <ClInclude Include="..\Framework\Windows\WinWnd.h">
      <Filter>Framework\Windows</Filter>
    </ClInclude>
    <ClInclude Include="..\Framework\Application.h">
      <Filter>Framework</Filter>
    </ClInclude>
    <ClInclude Include="..\Framework\Window.h">
      <Filter>Framework</Filter>
    </ClInclude>
    <ClInclude Include="..\Framework\Drawable.h">
      <Filter>Framework</Filter>
    </ClInclude>
    <ClInclude Include="..\Framework\Windows\WinDrawable.h">
      <Filter>Framework\Windows</Filter>
    </ClInclude>
    <ClInclude Include="..\Framework\AppInit.h">
      <Filter>Framework</Filter>
    </ClInclude>
    <ClInclude Include="Classes\DemoApplication.h">
      <Filter>DemoApplication\Classes</Filter>
    </ClInclude>
    <ClInclude Include="Classes\DemoWindow.h">
      <Filter>DemoApplication\Classes</Filter>
    </ClInclude>
    <ClInclude Include="DemoWindow.h">
      <Filter>DemoApplication</Filter>
    </ClInclude>
  </ItemGroup>
  <ItemGroup>
    <ClCompile Include="stdafx.cpp">
      <Filter>useless</Filter>
    </ClCompile>
    <ClCompile Include="mvvm-essence.cpp">
      <Filter>Application</Filter>
    </ClCompile>
    <ClCompile Include="PrintHelper.cpp">
      <Filter>utility</Filter>
    </ClCompile>
    <ClCompile Include="mvvm-test14.cpp">
      <Filter>test14</Filter>
    </ClCompile>
    <ClCompile Include="mvvm-test001.cpp">
      <Filter>Application</Filter>
    </ClCompile>
    <ClCompile Include="mvvm-test013.cpp">
      <Filter>Application</Filter>
    </ClCompile>
    <ClCompile Include="..\Framework\Windows\WinWnd.cpp">
      <Filter>Framework\Windows</Filter>
    </ClCompile>
    <ClCompile Include="..\Framework\Application.cpp">
      <Filter>Framework</Filter>
    </ClCompile>
    <ClCompile Include="..\Framework\Windows\WinLibs.cpp">
      <Filter>Framework\Windows</Filter>
    </ClCompile>
    <ClCompile Include="..\Framework\Windows\WinDrawable.cpp">
      <Filter>Framework\Windows</Filter>
    </ClCompile>
    <ClCompile Include="..\Framework\Windows\WinApp.cpp">
      <Filter>Framework\Windows</Filter>
    </ClCompile>
  </ItemGroup>
  <ItemGroup>
    <Xml Include="UI\MainWindow.xml">
      <Filter>test14\UI</Filter>
    </Xml>
    <Xml Include="UI\StudentView.xml">
      <Filter>test14\UI</Filter>
    </Xml>
    <Xml Include="DemoApplication.xml">
      <Filter>DemoApplication\XML</Filter>
    </Xml>
    <Xml Include="DemoWindow.xml">
      <Filter>DemoApplication\XML</Filter>
    </Xml>
  </ItemGroup>
</Project>