<?xml version="1.0" encoding="utf-8"?>
<Project ToolsVersion="4.0" xmlns="http://schemas.microsoft.com/developer/msbuild/2003">
  <ItemGroup>
    <Filter Include="application">
      <UniqueIdentifier>{e52230de-2b0b-45d7-97b5-39bfb299a0b3}</UniqueIdentifier>
    </Filter>
    <Filter Include="utilities">
      <UniqueIdentifier>{68916056-4f61-4ddf-a2f2-9ded4c593657}</UniqueIdentifier>
    </Filter>
    <Filter Include="mvvm">
      <UniqueIdentifier>{d3e8393d-8c9d-44fc-8f2d-6dd68be340fa}</UniqueIdentifier>
    </Filter>
    <Filter Include="mvvm\model">
      <UniqueIdentifier>{e6872b0a-60ca-42a2-914d-2cb47fc61128}</UniqueIdentifier>
    </Filter>
    <Filter Include="mvvm\binding">
      <UniqueIdentifier>{5adf4326-68bd-407a-b4a6-544373b73e5f}</UniqueIdentifier>
    </Filter>
    <Filter Include="useless">
      <UniqueIdentifier>{891537c5-f961-432c-ace1-e3f21d078a53}</UniqueIdentifier>
    </Filter>
    <Filter Include="test14">
      <UniqueIdentifier>{a700ff28-abfc-44d4-8fbf-c75d45923ad3}</UniqueIdentifier>
    </Filter>
    <Filter Include="test14\UI">
      <UniqueIdentifier>{cb8f8342-5d20-43e6-8404-8150b1228f9b}</UniqueIdentifier>
    </Filter>
    <Filter Include="test14\UI\Classes">
      <UniqueIdentifier>{cdf86adc-968c-4eb1-9188-8075a7911d8b}</UniqueIdentifier>
    </Filter>
    <Filter Include="test14\Model">
      <UniqueIdentifier>{63103b06-4716-43a1-80bd-6d028e3e2bfc}</UniqueIdentifier>
    </Filter>
  </ItemGroup>
  <ItemGroup>
    <ClInclude Include="PrintHelper.h">
      <Filter>utilities</Filter>
    </ClInclude>
    <ClInclude Include="Model.h">
      <Filter>mvvm\model</Filter>
    </ClInclude>
    <ClInclude Include="DataBinding.h">
      <Filter>mvvm\binding</Filter>
    </ClInclude>
    <ClInclude Include="IDataBinding.h">
      <Filter>mvvm\binding</Filter>
    </ClInclude>
    <ClInclude Include="Observable.h">
      <Filter>mvvm\model</Filter>
    </ClInclude>
    <ClInclude Include="targetver.h">
      <Filter>useless</Filter>
    </ClInclude>
    <ClInclude Include="stdafx.h">
      <Filter>useless</Filter>
    </ClInclude>
    <ClInclude Include="UI\Classes\UI_MainWindow.h">
      <Filter>test14\UI\Classes</Filter>
    </ClInclude>
    <ClInclude Include="Student.h">
      <Filter>test14\Model</Filter>
    </ClInclude>
    <ClInclude Include="UI\Classes\UI_StudentView.h">
      <Filter>test14\UI\Classes</Filter>
    </ClInclude>
    <ClInclude Include="StudentView.h">
      <Filter>test14</Filter>
    </ClInclude>
    <ClInclude Include="MainWindow.h">
      <Filter>test14</Filter>
    </ClInclude>
    <ClInclude Include="BaseView.h" />
  </ItemGroup>
  <ItemGroup>
    <ClCompile Include="mvvm-essence.cpp">
      <Filter>application</Filter>
    </ClCompile>
    <ClCompile Include="stdafx.cpp">
      <Filter>useless</Filter>
    </ClCompile>
    <ClCompile Include="PrintHelper.cpp">
      <Filter>utilities</Filter>
    </ClCompile>
    <ClCompile Include="mvvm-test13.cpp">
      <Filter>application</Filter>
    </ClCompile>
    <ClCompile Include="mvvm-test14.cpp">
      <Filter>application</Filter>
    </ClCompile>
  </ItemGroup>
  <ItemGroup>
    <Xml Include="UI\MainWindow.xml">
      <Filter>test14\UI</Filter>
    </Xml>
    <Xml Include="UI\StudentView.xml">
      <Filter>test14\UI</Filter>
    </Xml>
  </ItemGroup>
</Project>